
Microsoft Visual Studio Solution File, Format Version 12.00
# Visual Studio Version 16
VisualStudioVersion = 16.0.30804.86
MinimumVisualStudioVersion = 10.0.40219.1
Project("{FAE04EC0-301F-11D3-BF4B-00C04F79EFBC}") = "OrderNow", "OrderNow\OrderNow.csproj", "{305AE1C2-8B4A-4895-992B-E2E57884173C}"
EndProject
Global
	GlobalSection(SolutionConfigurationPlatforms) = preSolution
		Debug|Any CPU = Debug|Any CPU
		Release|Any CPU = Release|Any CPU
	EndGlobalSection
	GlobalSection(ProjectConfigurationPlatforms) = postSolution
		{305AE1C2-8B4A-4895-992B-E2E57884173C}.Debug|Any CPU.ActiveCfg = Debug|Any CPU
		{305AE1C2-8B4A-4895-992B-E2E57884173C}.Debug|Any CPU.Build.0 = Debug|Any CPU
		{305AE1C2-8B4A-4895-992B-E2E57884173C}.Release|Any CPU.ActiveCfg = Release|Any CPU
		{305AE1C2-8B4A-4895-992B-E2E57884173C}.Release|Any CPU.Build.0 = Release|Any CPU
	EndGlobalSection
	GlobalSection(SolutionProperties) = preSolution
		HideSolutionNode = FALSE
	EndGlobalSection
	GlobalSection(ExtensibilityGlobals) = postSolution
		SolutionGuid = {CA6F7E5D-FD4C-4A1C-BF08-600F142800A0}
	EndGlobalSection
EndGlobal
